
Microsoft Visual Studio Solution File, Format Version 12.00
# Visual Studio Version 17
VisualStudioVersion = 17.6.33829.357
MinimumVisualStudioVersion = 10.0.40219.1
Project("{2150E333-8FDC-42A3-9474-1A3956D46DE8}") = "src", "src", "{75B50B85-EA12-43A9-B6E9-FEA4B7FC8971}"
EndProject
Project("{9A19103F-16F7-4668-BE54-9A1E7A4F7556}") = "ClickCart.Data", "src\ClickCart.Data\ClickCart.Data.csproj", "{A0F22B3C-67CD-429D-88D3-BEAC17076A43}"
EndProject
Project("{9A19103F-16F7-4668-BE54-9A1E7A4F7556}") = "ClickCart.Domain", "src\ClickCart.Domain\ClickCart.Domain.csproj", "{F2EEC889-50DF-4C76-91F7-F0174CF9966A}"
EndProject
Project("{9A19103F-16F7-4668-BE54-9A1E7A4F7556}") = "ClickCart.Service", "src\ClickCart.Service\ClickCart.Service.csproj", "{1D15F6AE-E779-434E-BE0C-44CF534BC79F}"
EndProject
Project("{9A19103F-16F7-4668-BE54-9A1E7A4F7556}") = "ClickCart.Presentation", "src\ClickCart.Presentation\ClickCart.Presentation.csproj", "{6F39E391-9825-4445-85E1-E42EE77EBF85}"
EndProject
Global
	GlobalSection(SolutionConfigurationPlatforms) = preSolution
		Debug|Any CPU = Debug|Any CPU
		Release|Any CPU = Release|Any CPU
	EndGlobalSection
	GlobalSection(ProjectConfigurationPlatforms) = postSolution
		{A0F22B3C-67CD-429D-88D3-BEAC17076A43}.Debug|Any CPU.ActiveCfg = Debug|Any CPU
		{A0F22B3C-67CD-429D-88D3-BEAC17076A43}.Debug|Any CPU.Build.0 = Debug|Any CPU
		{A0F22B3C-67CD-429D-88D3-BEAC17076A43}.Release|Any CPU.ActiveCfg = Release|Any CPU
		{A0F22B3C-67CD-429D-88D3-BEAC17076A43}.Release|Any CPU.Build.0 = Release|Any CPU
		{F2EEC889-50DF-4C76-91F7-F0174CF9966A}.Debug|Any CPU.ActiveCfg = Debug|Any CPU
		{F2EEC889-50DF-4C76-91F7-F0174CF9966A}.Debug|Any CPU.Build.0 = Debug|Any CPU
		{F2EEC889-50DF-4C76-91F7-F0174CF9966A}.Release|Any CPU.ActiveCfg = Release|Any CPU
		{F2EEC889-50DF-4C76-91F7-F0174CF9966A}.Release|Any CPU.Build.0 = Release|Any CPU
		{1D15F6AE-E779-434E-BE0C-44CF534BC79F}.Debug|Any CPU.ActiveCfg = Debug|Any CPU
		{1D15F6AE-E779-434E-BE0C-44CF534BC79F}.Debug|Any CPU.Build.0 = Debug|Any CPU
		{1D15F6AE-E779-434E-BE0C-44CF534BC79F}.Release|Any CPU.ActiveCfg = Release|Any CPU
		{1D15F6AE-E779-434E-BE0C-44CF534BC79F}.Release|Any CPU.Build.0 = Release|Any CPU
		{6F39E391-9825-4445-85E1-E42EE77EBF85}.Debug|Any CPU.ActiveCfg = Debug|Any CPU
		{6F39E391-9825-4445-85E1-E42EE77EBF85}.Debug|Any CPU.Build.0 = Debug|Any CPU
		{6F39E391-9825-4445-85E1-E42EE77EBF85}.Release|Any CPU.ActiveCfg = Release|Any CPU
		{6F39E391-9825-4445-85E1-E42EE77EBF85}.Release|Any CPU.Build.0 = Release|Any CPU
	EndGlobalSection
	GlobalSection(SolutionProperties) = preSolution
		HideSolutionNode = FALSE
	EndGlobalSection
	GlobalSection(NestedProjects) = preSolution
		{A0F22B3C-67CD-429D-88D3-BEAC17076A43} = {75B50B85-EA12-43A9-B6E9-FEA4B7FC8971}
		{F2EEC889-50DF-4C76-91F7-F0174CF9966A} = {75B50B85-EA12-43A9-B6E9-FEA4B7FC8971}
		{1D15F6AE-E779-434E-BE0C-44CF534BC79F} = {75B50B85-EA12-43A9-B6E9-FEA4B7FC8971}
		{6F39E391-9825-4445-85E1-E42EE77EBF85} = {75B50B85-EA12-43A9-B6E9-FEA4B7FC8971}
	EndGlobalSection
	GlobalSection(ExtensibilityGlobals) = postSolution
		SolutionGuid = {6DF16C45-F053-4D1E-A9CC-51EC7B282571}
	EndGlobalSection
EndGlobal
